# This file is automatically @generated by Cargo.
# It is not intended for manual editing.
version = 3

[[package]]
name = "test-private-rs"
version = "0.1.0"
source = "git+ssh://git@github.com/silathdiir/test-private-rs.git#1c2e9fc06c99285fe02b38dbb4dc43564cab8421"

[[package]]
name = "test-public-rs"
version = "0.1.0"
dependencies = [
 "test-private-rs",
]
